
Microsoft Visual Studio Solution File, Format Version 12.00
# Visual Studio Version 17
VisualStudioVersion = 17.4.33110.190
MinimumVisualStudioVersion = 10.0.40219.1
Project("{FAE04EC0-301F-11D3-BF4B-00C04F79EFBC}") = "StudentScoreMS", "StudentScoreMS.csproj", "{07E55374-9AE1-4D69-B8CC-3C429A4F1E23}"
EndProject
Global
	GlobalSection(SolutionConfigurationPlatforms) = preSolution
		Debug|Any CPU = Debug|Any CPU
		Release|Any CPU = Release|Any CPU
	EndGlobalSection
	GlobalSection(ProjectConfigurationPlatforms) = postSolution
		{07E55374-9AE1-4D69-B8CC-3C429A4F1E23}.Debug|Any CPU.ActiveCfg = Debug|Any CPU
		{07E55374-9AE1-4D69-B8CC-3C429A4F1E23}.Debug|Any CPU.Build.0 = Debug|Any CPU
		{07E55374-9AE1-4D69-B8CC-3C429A4F1E23}.Release|Any CPU.ActiveCfg = Release|Any CPU
		{07E55374-9AE1-4D69-B8CC-3C429A4F1E23}.Release|Any CPU.Build.0 = Release|Any CPU
	EndGlobalSection
	GlobalSection(SolutionProperties) = preSolution
		HideSolutionNode = FALSE
	EndGlobalSection
	GlobalSection(ExtensibilityGlobals) = postSolution
		SolutionGuid = {BCBD5F70-29AD-4BAC-880F-DE5B9D018416}
	EndGlobalSection
EndGlobal
